dependencies:
  dotenv: 8.2.0
  dotenv-webpack: 2.0.0
  peerjs: 1.3.1
lockfileVersion: 5.1
packages:
  /@types/node/10.17.32:
    dev: false
    resolution:
      integrity: sha512-EUq+cjH/3KCzQHikGnNbWAGe548IFLSm93Vl8xA7EuYEEATiyOVDyEVuGkowL7c9V69FF/RiZSAOCFPApMs/ig==
  /dotenv-defaults/2.0.1:
    dependencies:
      dotenv: 8.2.0
    dev: false
    resolution:
      integrity: sha512-ugFCyBF7ILuwpmznduHPQZBMucHHJ8T4OBManTEVjemxCm2+nqifSuW2lD2SNKdiKSH1E324kZSdJ8M04b4I/A==
  /dotenv-webpack/2.0.0:
    dependencies:
      dotenv-defaults: 2.0.1
    dev: false
    peerDependencies:
      webpack: ^1 || ^2 || ^3 || ^4
    resolution:
      integrity: sha512-Omo5IpVl7XRgWXeZjxdfqOBEApJPxGLMOIx3F/w/W7ppUKgYMOXrk4eczlQrErPD4X0YRESlyGJek3O4uobRnw==
  /dotenv/8.2.0:
    dev: false
    engines:
      node: '>=8'
    resolution:
      integrity: sha512-8sJ78ElpbDJBHNeBzUbUVLsqKdccaa/BXF1uPTw3GrvQTBgrQrtObr2mUrE38vzYd8cEv+m/JBfDLioYcfXoaw==
  /eventemitter3/3.1.2:
    dev: false
    resolution:
      integrity: sha512-tvtQIeLVHjDkJYnzf2dgVMxfuSGJeM/7UCG17TT4EumTfNtF+0nebF/4zWOIkCreAbtNqhGEboB6BWrwqNaw4Q==
  /peerjs-js-binarypack/1.0.1:
    dev: false
    resolution:
      integrity: sha512-N6aeia3NhdpV7kiGxJV5xQiZZCVEEVjRz2T2C6UZQiBkHWHzUv/oWA4myQLcwBwO8LUoR1KWW5oStvwVesmfCg==
  /peerjs/1.3.1:
    dependencies:
      '@types/node': 10.17.32
      eventemitter3: 3.1.2
      peerjs-js-binarypack: 1.0.1
      webrtc-adapter: 7.7.0
    dev: false
    resolution:
      integrity: sha512-V76SNqSyPNf4mZviGOkjOo3GpwJZ8DHXyaPE3tlzU5hFzwWqceMFs/4w/9mzNJtKUVU2yXBZCU54xl7JVChGXQ==
  /rtcpeerconnection-shim/1.2.15:
    dependencies:
      sdp: 2.12.0
    dev: false
    engines:
      node: '>=6.0.0'
      npm: '>=3.10.0'
    resolution:
      integrity: sha512-C6DxhXt7bssQ1nHb154lqeL0SXz5Dx4RczXZu2Aa/L1NJFnEVDxFwCBo3fqtuljhHIGceg5JKBV4XJ0gW5JKyw==
  /sdp/2.12.0:
    dev: false
    resolution:
      integrity: sha512-jhXqQAQVM+8Xj5EjJGVweuEzgtGWb3tmEEpl3CLP3cStInSbVHSg0QWOGQzNq8pSID4JkpeV2mPqlMDLrm0/Vw==
  /webrtc-adapter/7.7.0:
    dependencies:
      rtcpeerconnection-shim: 1.2.15
      sdp: 2.12.0
    dev: false
    engines:
      node: '>=6.0.0'
      npm: '>=3.10.0'
    resolution:
      integrity: sha512-7Bp9OBnx642oJRkom1tNAbeJjUadAq2rh5xLL9YXPw5hVyt2h4hHr5bcoPYDs1stp/mZHSPSQA34YISdnr0DBQ==
specifiers:
  dotenv: 8.2.0
  dotenv-webpack: 2.0.0
  peerjs: 1.3.1
